
Microsoft Visual Studio Solution File, Format Version 12.00
# Visual Studio 2013
VisualStudioVersion = 12.0.21005.1
MinimumVisualStudioVersion = 10.0.40219.1
Project("{8BC9CEB8-8B4A-11D0-8D11-00A0C91BC942}") = "FfmpegDecodecEncodec", "FfmpegDecodecEncodec\FfmpegDecodecEncodec.vcxproj", "{AF54B975-FEF3-441C-AAFD-47D0CD17FF4F}"
EndProject
Project("{8BC9CEB8-8B4A-11D0-8D11-00A0C91BC942}") = "FfmpegPlayVideoAudio", "FfmpegPlayVideoAudio\FfmpegPlayVideoAudio.vcxproj", "{CDC7E9E6-E393-4A7B-B25F-A830BC7AF3EC}"
EndProject
Global
	GlobalSection(SolutionConfigurationPlatforms) = preSolution
		Debug|Win32 = Debug|Win32
		Release|Win32 = Release|Win32
	EndGlobalSection
	GlobalSection(ProjectConfigurationPlatforms) = postSolution
		{AF54B975-FEF3-441C-AAFD-47D0CD17FF4F}.Debug|Win32.ActiveCfg = Debug|Win32
		{AF54B975-FEF3-441C-AAFD-47D0CD17FF4F}.Debug|Win32.Build.0 = Debug|Win32
		{AF54B975-FEF3-441C-AAFD-47D0CD17FF4F}.Release|Win32.ActiveCfg = Release|Win32
		{AF54B975-FEF3-441C-AAFD-47D0CD17FF4F}.Release|Win32.Build.0 = Release|Win32
		{CDC7E9E6-E393-4A7B-B25F-A830BC7AF3EC}.Debug|Win32.ActiveCfg = Debug|Win32
		{CDC7E9E6-E393-4A7B-B25F-A830BC7AF3EC}.Debug|Win32.Build.0 = Debug|Win32
		{CDC7E9E6-E393-4A7B-B25F-A830BC7AF3EC}.Release|Win32.ActiveCfg = Release|Win32
		{CDC7E9E6-E393-4A7B-B25F-A830BC7AF3EC}.Release|Win32.Build.0 = Release|Win32
	EndGlobalSection
	GlobalSection(SolutionProperties) = preSolution
		HideSolutionNode = FALSE
	EndGlobalSection
EndGlobal
